
Microsoft Visual Studio Solution File, Format Version 12.00
# Visual Studio Version 17
VisualStudioVersion = 17.9.34607.119
MinimumVisualStudioVersion = 10.0.40219.1
Project("{FAE04EC0-301F-11D3-BF4B-00C04F79EFBC}") = "watetfall_control_app", "watetfall_control_app\watetfall_control_app.csproj", "{7DCA10BA-0207-4F60-96EB-A2600B177607}"
EndProject
Global
	GlobalSection(SolutionConfigurationPlatforms) = preSolution
		Debug|Any CPU = Debug|Any CPU
		Release|Any CPU = Release|Any CPU
	EndGlobalSection
	GlobalSection(ProjectConfigurationPlatforms) = postSolution
		{7DCA10BA-0207-4F60-96EB-A2600B177607}.Debug|Any CPU.ActiveCfg = Debug|Any CPU
		{7DCA10BA-0207-4F60-96EB-A2600B177607}.Debug|Any CPU.Build.0 = Debug|Any CPU
		{7DCA10BA-0207-4F60-96EB-A2600B177607}.Release|Any CPU.ActiveCfg = Release|Any CPU
		{7DCA10BA-0207-4F60-96EB-A2600B177607}.Release|Any CPU.Build.0 = Release|Any CPU
	EndGlobalSection
	GlobalSection(SolutionProperties) = preSolution
		HideSolutionNode = FALSE
	EndGlobalSection
	GlobalSection(ExtensibilityGlobals) = postSolution
		SolutionGuid = {3A6D994B-A20D-4344-881D-5DDF0D9E5B3D}
	EndGlobalSection
EndGlobal
